
Microsoft Visual Studio Solution File, Format Version 12.00
# Visual Studio Version 17
VisualStudioVersion = 17.0.31903.59
MinimumVisualStudioVersion = 10.0.40219.1
Project("{FAE04EC0-301F-11D3-BF4B-00C04F79EFBC}") = "TimeCapital.Domain", "TimeCapital.Domain\TimeCapital.Domain.csproj", "{0F8DA082-C8A7-4760-8B52-846A00D56279}"
EndProject
Project("{FAE04EC0-301F-11D3-BF4B-00C04F79EFBC}") = "TimeCapital.Data", "TimeCapital.Data\TimeCapital.Data.csproj", "{6244D23E-CC4B-4C4D-91C6-4D655C504C9A}"
EndProject
Project("{FAE04EC0-301F-11D3-BF4B-00C04F79EFBC}") = "TimeCapital.Web", "TimeCapital.Web\TimeCapital.Web.csproj", "{2F806A23-B3AA-4AB1-88E1-9026C59811D9}"
EndProject
Global
	GlobalSection(SolutionConfigurationPlatforms) = preSolution
		Debug|Any CPU = Debug|Any CPU
		Release|Any CPU = Release|Any CPU
	EndGlobalSection
	GlobalSection(SolutionProperties) = preSolution
		HideSolutionNode = FALSE
	EndGlobalSection
	GlobalSection(ProjectConfigurationPlatforms) = postSolution
		{0F8DA082-C8A7-4760-8B52-846A00D56279}.Debug|Any CPU.ActiveCfg = Debug|Any CPU
		{0F8DA082-C8A7-4760-8B52-846A00D56279}.Debug|Any CPU.Build.0 = Debug|Any CPU
		{0F8DA082-C8A7-4760-8B52-846A00D56279}.Release|Any CPU.ActiveCfg = Release|Any CPU
		{0F8DA082-C8A7-4760-8B52-846A00D56279}.Release|Any CPU.Build.0 = Release|Any CPU
		{6244D23E-CC4B-4C4D-91C6-4D655C504C9A}.Debug|Any CPU.ActiveCfg = Debug|Any CPU
		{6244D23E-CC4B-4C4D-91C6-4D655C504C9A}.Debug|Any CPU.Build.0 = Debug|Any CPU
		{6244D23E-CC4B-4C4D-91C6-4D655C504C9A}.Release|Any CPU.ActiveCfg = Release|Any CPU
		{6244D23E-CC4B-4C4D-91C6-4D655C504C9A}.Release|Any CPU.Build.0 = Release|Any CPU
		{2F806A23-B3AA-4AB1-88E1-9026C59811D9}.Debug|Any CPU.ActiveCfg = Debug|Any CPU
		{2F806A23-B3AA-4AB1-88E1-9026C59811D9}.Debug|Any CPU.Build.0 = Debug|Any CPU
		{2F806A23-B3AA-4AB1-88E1-9026C59811D9}.Release|Any CPU.ActiveCfg = Release|Any CPU
		{2F806A23-B3AA-4AB1-88E1-9026C59811D9}.Release|Any CPU.Build.0 = Release|Any CPU
	EndGlobalSection
EndGlobal
